
Microsoft Visual Studio Solution File, Format Version 12.00
# Visual Studio Version 17
VisualStudioVersion = 17.14.36518.9 d17.14
MinimumVisualStudioVersion = 10.0.40219.1
Project("{FAE04EC0-301F-11D3-BF4B-00C04F79EFBC}") = "WpfApp3", "WpfApp3\WpfApp3.csproj", "{4F664001-FD77-4FD8-B2DB-846C8E69EABC}"
EndProject
Global
	GlobalSection(SolutionConfigurationPlatforms) = preSolution
		Debug|Any CPU = Debug|Any CPU
		Release|Any CPU = Release|Any CPU
	EndGlobalSection
	GlobalSection(ProjectConfigurationPlatforms) = postSolution
		{4F664001-FD77-4FD8-B2DB-846C8E69EABC}.Debug|Any CPU.ActiveCfg = Debug|Any CPU
		{4F664001-FD77-4FD8-B2DB-846C8E69EABC}.Debug|Any CPU.Build.0 = Debug|Any CPU
		{4F664001-FD77-4FD8-B2DB-846C8E69EABC}.Release|Any CPU.ActiveCfg = Release|Any CPU
		{4F664001-FD77-4FD8-B2DB-846C8E69EABC}.Release|Any CPU.Build.0 = Release|Any CPU
	EndGlobalSection
	GlobalSection(SolutionProperties) = preSolution
		HideSolutionNode = FALSE
	EndGlobalSection
	GlobalSection(ExtensibilityGlobals) = postSolution
		SolutionGuid = {406EC349-2C2A-46D2-B91A-2BC90BDB4ACA}
	EndGlobalSection
EndGlobal
